// !$*UTF8*$!
{
	archiveVersion = 1;
	classes = {
	};
	objectVersion = 55;
	objects = {

/* Begin PBXBuildFile section */
		59D00FB9282D4C10009B7ED0 /* AppDelegate.swift in Sources */ = {isa = PBXBuildFile; fileRef = 59D00FB8282D4C10009B7ED0 /* AppDelegate.swift */; };
		59D00FBB282D4C10009B7ED0 /* SceneDelegate.swift in Sources */ = {isa = PBXBuildFile; fileRef = 59D00FBA282D4C10009B7ED0 /* SceneDelegate.swift */; };
		59D00FC0282D4C10009B7ED0 /* Main.storyboard in Resources */ = {isa = PBXBuildFile; fileRef = 59D00FBE282D4C10009B7ED0 /* Main.storyboard */; };
		59D00FC2282D4C12009B7ED0 /* Assets.xcassets in Resources */ = {isa = PBXBuildFile; fileRef = 59D00FC1282D4C12009B7ED0 /* Assets.xcassets */; };
		59D00FC5282D4C12009B7ED0 /* LaunchScreen.storyboard in Resources */ = {isa = PBXBuildFile; fileRef = 59D00FC3282D4C12009B7ED0 /* LaunchScreen.storyboard */; };
		59D00FCD282D4D76009B7ED0 /* PhotosCollectionViewController.swift in Sources */ = {isa = PBXBuildFile; fileRef = 59D00FCC282D4D76009B7ED0 /* PhotosCollectionViewController.swift */; };
		59D00FCF282D5556009B7ED0 /* PhotoCell.swift in Sources */ = {isa = PBXBuildFile; fileRef = 59D00FCE282D5556009B7ED0 /* PhotoCell.swift */; };
		59D00FD1282D7DDC009B7ED0 /* PhotoViewController.swift in Sources */ = {isa = PBXBuildFile; fileRef = 59D00FD0282D7DDC009B7ED0 /* PhotoViewController.swift */; };
/* End PBXBuildFile section */

/* Begin PBXFileReference section */
		59D00FB5282D4C10009B7ED0 /* PhotoAppCollectionView.app */ = {isa = PBXFileReference; explicitFileType = wrapper.application; includeInIndex = 0; path = PhotoAppCollectionView.app; sourceTree = BUILT_PRODUCTS_DIR; };
		59D00FB8282D4C10009B7ED0 /* AppDelegate.swift */ = {isa = PBXFileReference; lastKnownFileType = sourcecode.swift; path = AppDelegate.swift; sourceTree = "<group>"; };
		59D00FBA282D4C10009B7ED0 /* SceneDelegate.swift */ = {isa = PBXFileReference; lastKnownFileType = sourcecode.swift; path = SceneDelegate.swift; sourceTree = "<group>"; };
		59D00FBF282D4C10009B7ED0 /* Base */ = {isa = PBXFileReference; lastKnownFileType = file.storyboard; name = Base; path = Base.lproj/Main.storyboard; sourceTree = "<group>"; };
		59D00FC1282D4C12009B7ED0 /* Assets.xcassets */ = {isa = PBXFileReference; lastKnownFileType = folder.assetcatalog; path = Assets.xcassets; sourceTree = "<group>"; };
		59D00FC4282D4C12009B7ED0 /* Base */ = {isa = PBXFileReference; lastKnownFileType = file.storyboard; name = Base; path = Base.lproj/LaunchScreen.storyboard; sourceTree = "<group>"; };
		59D00FC6282D4C12009B7ED0 /* Info.plist */ = {isa = PBXFileReference; lastKnownFileType = text.plist.xml; path = Info.plist; sourceTree = "<group>"; };
		59D00FCC282D4D76009B7ED0 /* PhotosCollectionViewController.swift */ = {isa = PBXFileReference; lastKnownFileType = sourcecode.swift; path = PhotosCollectionViewController.swift; sourceTree = "<group>"; };
		59D00FCE282D5556009B7ED0 /* PhotoCell.swift */ = {isa = PBXFileReference; lastKnownFileType = sourcecode.swift; path = PhotoCell.swift; sourceTree = "<group>"; };
		59D00FD0282D7DDC009B7ED0 /* PhotoViewController.swift */ = {isa = PBXFileReference; lastKnownFileType = sourcecode.swift; path = PhotoViewController.swift; sourceTree = "<group>"; };
/* End PBXFileReference section */

/* Begin PBXFrameworksBuildPhase section */
		59D00FB2282D4C10009B7ED0 /* Frameworks */ = {
			isa = PBXFrameworksBuildPhase;
			buildActionMask = 2147483647;
			files = (
			);
			runOnlyForDeploymentPostprocessing = 0;
		};
/* End PBXFrameworksBuildPhase section */

/* Begin PBXGroup section */
		59D00FAC282D4C10009B7ED0 = {
			isa = PBXGroup;
			children = (
				59D00FB7282D4C10009B7ED0 /* PhotoAppCollectionView */,
				59D00FB6282D4C10009B7ED0 /* Products */,
			);
			sourceTree = "<group>";
		};
		59D00FB6282D4C10009B7ED0 /* Products */ = {
			isa = PBXGroup;
			children = (
				59D00FB5282D4C10009B7ED0 /* PhotoAppCollectionView.app */,
			);
			name = Products;
			sourceTree = "<group>";
		};
		59D00FB7282D4C10009B7ED0 /* PhotoAppCollectionView */ = {
			isa = PBXGroup;
			children = (
				59D00FCC282D4D76009B7ED0 /* PhotosCollectionViewController.swift */,
				59D00FD0282D7DDC009B7ED0 /* PhotoViewController.swift */,
				59D00FCE282D5556009B7ED0 /* PhotoCell.swift */,
				59D00FBE282D4C10009B7ED0 /* Main.storyboard */,
				59D00FBA282D4C10009B7ED0 /* SceneDelegate.swift */,
				59D00FB8282D4C10009B7ED0 /* AppDelegate.swift */,
				59D00FC1282D4C12009B7ED0 /* Assets.xcassets */,
				59D00FC3282D4C12009B7ED0 /* LaunchScreen.storyboard */,
				59D00FC6282D4C12009B7ED0 /* Info.plist */,
			);
			path = PhotoAppCollectionView;
			sourceTree = "<group>";
		};
/* End PBXGroup section */

/* Begin PBXNativeTarget section */
		59D00FB4282D4C10009B7ED0 /* PhotoAppCollectionView */ = {
			isa = PBXNativeTarget;
			buildConfigurationList = 59D00FC9282D4C12009B7ED0 /* Build configuration list for PBXNativeTarget "PhotoAppCollectionView" */;
			buildPhases = (
				59D00FB1282D4C10009B7ED0 /* Sources */,
				59D00FB2282D4C10009B7ED0 /* Frameworks */,
				59D00FB3282D4C10009B7ED0 /* Resources */,
			);
			buildRules = (
			);
			dependencies = (
			);
			name = PhotoAppCollectionView;
			productName = PhotoAppCollectionView;
			productReference = 59D00FB5282D4C10009B7ED0 /* PhotoAppCollectionView.app */;
			productType = "com.apple.product-type.application";
		};
/* End PBXNativeTarget section */

/* Begin PBXProject section */
		59D00FAD282D4C10009B7ED0 /* Project object */ = {
			isa = PBXProject;
			attributes = {
				BuildIndependentTargetsInParallel = 1;
				LastSwiftUpdateCheck = 1330;
				LastUpgradeCheck = 1330;
				TargetAttributes = {
					59D00FB4282D4C10009B7ED0 = {
						CreatedOnToolsVersion = 13.3.1;
					};
				};
			};
			buildConfigurationList = 59D00FB0282D4C10009B7ED0 /* Build configuration list for PBXProject "PhotoAppCollectionView" */;
			compatibilityVersion = "Xcode 13.0";
			developmentRegion = en;
			hasScannedForEncodings = 0;
			knownRegions = (
				en,
				Base,
			);
			mainGroup = 59D00FAC282D4C10009B7ED0;
			productRefGroup = 59D00FB6282D4C10009B7ED0 /* Products */;
			projectDirPath = "";
			projectRoot = "";
			targets = (
				59D00FB4282D4C10009B7ED0 /* PhotoAppCollectionView */,
			);
		};
/* End PBXProject section */

/* Begin PBXResourcesBuildPhase section */
		59D00FB3282D4C10009B7ED0 /* Resources */ = {
			isa = PBXResourcesBuildPhase;
			buildActionMask = 2147483647;
			files = (
				59D00FC5282D4C12009B7ED0 /* LaunchScreen.storyboard in Resources */,
				59D00FC2282D4C12009B7ED0 /* Assets.xcassets in Resources */,
				59D00FC0282D4C10009B7ED0 /* Main.storyboard in Resources */,
			);
			runOnlyForDeploymentPostprocessing = 0;
		};
/* End PBXResourcesBuildPhase section */

/* Begin PBXSourcesBuildPhase section */
		59D00FB1282D4C10009B7ED0 /* Sources */ = {
			isa = PBXSourcesBuildPhase;
			buildActionMask = 2147483647;
			files = (
				59D00FCF282D5556009B7ED0 /* PhotoCell.swift in Sources */,
				59D00FCD282D4D76009B7ED0 /* PhotosCollectionViewController.swift in Sources */,
				59D00FB9282D4C10009B7ED0 /* AppDelegate.swift in Sources */,
				59D00FBB282D4C10009B7ED0 /* SceneDelegate.swift in Sources */,
				59D00FD1282D7DDC009B7ED0 /* PhotoViewController.swift in Sources */,
			);
			runOnlyForDeploymentPostprocessing = 0;
		};
/* End PBXSourcesBuildPhase section */

/* Begin PBXVariantGroup section */
		59D00FBE282D4C10009B7ED0 /* Main.storyboard */ = {
			isa = PBXVariantGroup;
			children = (
				59D00FBF282D4C10009B7ED0 /* Base */,
			);
			name = Main.storyboard;
			sourceTree = "<group>";
		};
		59D00FC3282D4C12009B7ED0 /* LaunchScreen.storyboard */ = {
			isa = PBXVariantGroup;
			children = (
				59D00FC4282D4C12009B7ED0 /* Base */,
			);
			name = LaunchScreen.storyboard;
			sourceTree = "<group>";
		};
/* End PBXVariantGroup section */

/* Begin XCBuildConfiguration section */
		59D00FC7282D4C12009B7ED0 /* Debug */ = {
			isa = XCBuildConfiguration;
			buildSettings = {
				ALWAYS_SEARCH_USER_PATHS = NO;
				CLANG_ANALYZER_NONNULL = YES;
				CLANG_ANALYZER_NUMBER_OBJECT_CONVERSION = YES_AGGRESSIVE;
				CLANG_CXX_LANGUAGE_STANDARD = "gnu++17";
				CLANG_ENABLE_MODULES = YES;
				CLANG_ENABLE_OBJC_ARC = YES;
				CLANG_ENABLE_OBJC_WEAK = YES;
				CLANG_WARN_BLOCK_CAPTURE_AUTORELEASING = YES;
				CLANG_WARN_BOOL_CONVERSION = YES;
				CLANG_WARN_COMMA = YES;
				CLANG_WARN_CONSTANT_CONVERSION = YES;
				CLANG_WARN_DEPRECATED_OBJC_IMPLEMENTATIONS = YES;
				CLANG_WARN_DIRECT_OBJC_ISA_USAGE = YES_ERROR;
				CLANG_WARN_DOCUMENTATION_COMMENTS = YES;
				CLANG_WARN_EMPTY_BODY = YES;
				CLANG_WARN_ENUM_CONVERSION = YES;
				CLANG_WARN_INFINITE_RECURSION = YES;
				CLANG_WARN_INT_CONVERSION = YES;
				CLANG_WARN_NON_LITERAL_NULL_CONVERSION = YES;
				CLANG_WARN_OBJC_IMPLICIT_RETAIN_SELF = YES;
				CLANG_WARN_OBJC_LITERAL_CONVERSION = YES;
				CLANG_WARN_OBJC_ROOT_CLASS = YES_ERROR;
				CLANG_WARN_QUOTED_INCLUDE_IN_FRAMEWORK_HEADER = YES;
				CLANG_WARN_RANGE_LOOP_ANALYSIS = YES;
				CLANG_WARN_STRICT_PROTOTYPES = YES;
				CLANG_WARN_SUSPICIOUS_MOVE = YES;
				CLANG_WARN_UNGUARDED_AVAILABILITY = YES_AGGRESSIVE;
				CLANG_WARN_UNREACHABLE_CODE = YES;
				CLANG_WARN__DUPLICATE_METHOD_MATCH = YES;
				COPY_PHASE_STRIP = NO;
				DEBUG_INFORMATION_FORMAT = dwarf;
				ENABLE_STRICT_OBJC_MSGSEND = YES;
				ENABLE_TESTABILITY = YES;
				GCC_C_LANGUAGE_STANDARD = gnu11;
				GCC_DYNAMIC_NO_PIC = NO;
				GCC_NO_COMMON_BLOCKS = YES;
				GCC_OPTIMIZATION_LEVEL = 0;
				GCC_PREPROCESSOR_DEFINITIONS = (
					"DEBUG=1",
					"$(inherited)",
				);
				GCC_WARN_64_TO_32_BIT_CONVERSION = YES;
				GCC_WARN_ABOUT_RETURN_TYPE = YES_ERROR;
				GCC_WARN_UNDECLARED_SELECTOR = YES;
				GCC_WARN_UNINITIALIZED_AUTOS = YES_AGGRESSIVE;
				GCC_WARN_UNUSED_FUNCTION = YES;
				GCC_WARN_UNUSED_VARIABLE = YES;
				IPHONEOS_DEPLOYMENT_TARGET = 15.4;
				MTL_ENABLE_DEBUG_INFO = INCLUDE_SOURCE;
				MTL_FAST_MATH = YES;
				ONLY_ACTIVE_ARCH = YES;
				SDKROOT = iphoneos;
				SWIFT_ACTIVE_COMPILATION_CONDITIONS = DEBUG;
				SWIFT_OPTIMIZATION_LEVEL = "-Onone";
			};
			name = Debug;
		};
		59D00FC8282D4C12009B7ED0 /* Release */ = {
			isa = XCBuildConfiguration;
			buildSettings = {
				ALWAYS_SEARCH_USER_PATHS = NO;
				CLANG_ANALYZER_NONNULL = YES;
				CLANG_ANALYZER_NUMBER_OBJECT_CONVERSION = YES_AGGRESSIVE;
				CLANG_CXX_LANGUAGE_STANDARD = "gnu++17";
				CLANG_ENABLE_MODULES = YES;
				CLANG_ENABLE_OBJC_ARC = YES;
				CLANG_ENABLE_OBJC_WEAK = YES;
				CLANG_WARN_BLOCK_CAPTURE_AUTORELEASING = YES;
				CLANG_WARN_BOOL_CONVERSION = YES;
				CLANG_WARN_COMMA = YES;
				CLANG_WARN_CONSTANT_CONVERSION = YES;
				CLANG_WARN_DEPRECATED_OBJC_IMPLEMENTATIONS = YES;
				CLANG_WARN_DIRECT_OBJC_ISA_USAGE = YES_ERROR;
				CLANG_WARN_DOCUMENTATION_COMMENTS = YES;
				CLANG_WARN_EMPTY_BODY = YES;
				CLANG_WARN_ENUM_CONVERSION = YES;
				CLANG_WARN_INFINITE_RECURSION = YES;
				CLANG_WARN_INT_CONVERSION = YES;
				CLANG_WARN_NON_LITERAL_NULL_CONVERSION = YES;
				CLANG_WARN_OBJC_IMPLICIT_RETAIN_SELF = YES;
				CLANG_WARN_OBJC_LITERAL_CONVERSION = YES;
				CLANG_WARN_OBJC_ROOT_CLASS = YES_ERROR;
				CLANG_WARN_QUOTED_INCLUDE_IN_FRAMEWORK_HEADER = YES;
				CLANG_WARN_RANGE_LOOP_ANALYSIS = YES;
				CLANG_WARN_STRICT_PROTOTYPES = YES;
				CLANG_WARN_SUSPICIOUS_MOVE = YES;
				CLANG_WARN_UNGUARDED_AVAILABILITY = YES_AGGRESSIVE;
				CLANG_WARN_UNREACHABLE_CODE = YES;
				CLANG_WARN__DUPLICATE_METHOD_MATCH = YES;
				COPY_PHASE_STRIP = NO;
				DEBUG_INFORMATION_FORMAT = "dwarf-with-dsym";
				ENABLE_NS_ASSERTIONS = NO;
				ENABLE_STRICT_OBJC_MSGSEND = YES;
				GCC_C_LANGUAGE_STANDARD = gnu11;
				GCC_NO_COMMON_BLOCKS = YES;
				GCC_WARN_64_TO_32_BIT_CONVERSION = YES;
				GCC_WARN_ABOUT_RETURN_TYPE = YES_ERROR;
				GCC_WARN_UNDECLARED_SELECTOR = YES;
				GCC_WARN_UNINITIALIZED_AUTOS = YES_AGGRESSIVE;
				GCC_WARN_UNUSED_FUNCTION = YES;
				GCC_WARN_UNUSED_VARIABLE = YES;
				IPHONEOS_DEPLOYMENT_TARGET = 15.4;
				MTL_ENABLE_DEBUG_INFO = NO;
				MTL_FAST_MATH = YES;
				SDKROOT = iphoneos;
				SWIFT_COMPILATION_MODE = wholemodule;
				SWIFT_OPTIMIZATION_LEVEL = "-O";
				VALIDATE_PRODUCT = YES;
			};
			name = Release;
		};
		59D00FCA282D4C12009B7ED0 /* Debug */ = {
			isa = XCBuildConfiguration;
			buildSettings = {
				ASSETCATALOG_COMPILER_APPICON_NAME = AppIcon;
				ASSETCATALOG_COMPILER_GLOBAL_ACCENT_COLOR_NAME = AccentColor;
				CODE_SIGN_STYLE = Automatic;
				CURRENT_PROJECT_VERSION = 1;
				DEVELOPMENT_TEAM = 74PXA5BUUB;
				GENERATE_INFOPLIST_FILE = YES;
				INFOPLIST_FILE = PhotoAppCollectionView/Info.plist;
				INFOPLIST_KEY_UIApplicationSupportsIndirectInputEvents = YES;
				INFOPLIST_KEY_UILaunchStoryboardName = LaunchScreen;
				INFOPLIST_KEY_UIMainStoryboardFile = Main;
				INFOPLIST_KEY_UISupportedInterfaceOrientations_iPad = "UIInterfaceOrientationPortrait UIInterfaceOrientationPortraitUpsideDown UIInterfaceOrientationLandscapeLeft UIInterfaceOrientationLandscapeRight";
				INFOPLIST_KEY_UISupportedInterfaceOrientations_iPhone = "UIInterfaceOrientationPortrait UIInterfaceOrientationLandscapeLeft UIInterfaceOrientationLandscapeRight";
				LD_RUNPATH_SEARCH_PATHS = (
					"$(inherited)",
					"@executable_path/Frameworks",
				);
				MARKETING_VERSION = 1.0;
				PRODUCT_BUNDLE_IDENTIFIER = "Vladimir-Makarov.PhotoAppCollectionView";
				PRODUCT_NAME = "$(TARGET_NAME)";
				SWIFT_EMIT_LOC_STRINGS = YES;
				SWIFT_VERSION = 5.0;
				TARGETED_DEVICE_FAMILY = "1,2";
			};
			name = Debug;
		};
		59D00FCB282D4C12009B7ED0 /* Release */ = {
			isa = XCBuildConfiguration;
			buildSettings = {
				ASSETCATALOG_COMPILER_APPICON_NAME = AppIcon;
				ASSETCATALOG_COMPILER_GLOBAL_ACCENT_COLOR_NAME = AccentColor;
				CODE_SIGN_STYLE = Automatic;
				CURRENT_PROJECT_VERSION = 1;
				DEVELOPMENT_TEAM = 74PXA5BUUB;
				GENERATE_INFOPLIST_FILE = YES;
				INFOPLIST_FILE = PhotoAppCollectionView/Info.plist;
				INFOPLIST_KEY_UIApplicationSupportsIndirectInputEvents = YES;
				INFOPLIST_KEY_UILaunchStoryboardName = LaunchScreen;
				INFOPLIST_KEY_UIMainStoryboardFile = Main;
				INFOPLIST_KEY_UISupportedInterfaceOrientations_iPad = "UIInterfaceOrientationPortrait UIInterfaceOrientationPortraitUpsideDown UIInterfaceOrientationLandscapeLeft UIInterfaceOrientationLandscapeRight";
				INFOPLIST_KEY_UISupportedInterfaceOrientations_iPhone = "UIInterfaceOrientationPortrait UIInterfaceOrientationLandscapeLeft UIInterfaceOrientationLandscapeRight";
				LD_RUNPATH_SEARCH_PATHS = (
					"$(inherited)",
					"@executable_path/Frameworks",
				);
				MARKETING_VERSION = 1.0;
				PRODUCT_BUNDLE_IDENTIFIER = "Vladimir-Makarov.PhotoAppCollectionView";
				PRODUCT_NAME = "$(TARGET_NAME)";
				SWIFT_EMIT_LOC_STRINGS = YES;
				SWIFT_VERSION = 5.0;
				TARGETED_DEVICE_FAMILY = "1,2";
			};
			name = Release;
		};
/* End XCBuildConfiguration section */

/* Begin XCConfigurationList section */
		59D00FB0282D4C10009B7ED0 /* Build configuration list for PBXProject "PhotoAppCollectionView" */ = {
			isa = XCConfigurationList;
			buildConfigurations = (
				59D00FC7282D4C12009B7ED0 /* Debug */,
				59D00FC8282D4C12009B7ED0 /* Release */,
			);
			defaultConfigurationIsVisible = 0;
			defaultConfigurationName = Release;
		};
		59D00FC9282D4C12009B7ED0 /* Build configuration list for PBXNativeTarget "PhotoAppCollectionView" */ = {
			isa = XCConfigurationList;
			buildConfigurations = (
				59D00FCA282D4C12009B7ED0 /* Debug */,
				59D00FCB282D4C12009B7ED0 /* Release */,
			);
			defaultConfigurationIsVisible = 0;
			defaultConfigurationName = Release;
		};
/* End XCConfigurationList section */
	};
	rootObject = 59D00FAD282D4C10009B7ED0 /* Project object */;
}
